
Microsoft Visual Studio Solution File, Format Version 12.00
# Visual Studio 14
VisualStudioVersion = 14.0.25420.1
MinimumVisualStudioVersion = 10.0.40219.1
Project("{FAE04EC0-301F-11D3-BF4B-00C04F79EFBC}") = "TestatClient", "TestatClient\TestatClient.csproj", "{078999F6-36F3-4A53-B722-26EC2F4D1FEE}"
EndProject
Global
	GlobalSection(SolutionConfigurationPlatforms) = preSolution
		Debug|Any CPU = Debug|Any CPU
		Release|Any CPU = Release|Any CPU
	EndGlobalSection
	GlobalSection(ProjectConfigurationPlatforms) = postSolution
		{078999F6-36F3-4A53-B722-26EC2F4D1FEE}.Debug|Any CPU.ActiveCfg = Debug|Any CPU
		{078999F6-36F3-4A53-B722-26EC2F4D1FEE}.Debug|Any CPU.Build.0 = Debug|Any CPU
		{078999F6-36F3-4A53-B722-26EC2F4D1FEE}.Release|Any CPU.ActiveCfg = Release|Any CPU
		{078999F6-36F3-4A53-B722-26EC2F4D1FEE}.Release|Any CPU.Build.0 = Release|Any CPU
	EndGlobalSection
	GlobalSection(SolutionProperties) = preSolution
		HideSolutionNode = FALSE
	EndGlobalSection
EndGlobal
